Microsoft Visual Studio Solution File, Format Version 12.00
# Visual Studio Version 17
VisualStudioVersion = 17.13.35931.197
MinimumVisualStudioVersion = 10.0.40219.1
Project("{54A90642-561A-4BB1-A94E-469ADEE60C69}") = "PetShop", "PetShop\PetShop.esproj", "{F36591A8-084A-EC05-E822-776E51BE7CA1}"
EndProject
Global
	GlobalSection(SolutionConfigurationPlatforms) = preSolution
		Debug|Any CPU = Debug|Any CPU
		Release|Any CPU = Release|Any CPU
	EndGlobalSection
	GlobalSection(ProjectConfigurationPlatforms) = postSolution
		{F36591A8-084A-EC05-E822-776E51BE7CA1}.Debug|Any CPU.ActiveCfg = Debug|Any CPU
		{F36591A8-084A-EC05-E822-776E51BE7CA1}.Debug|Any CPU.Build.0 = Debug|Any CPU
		{F36591A8-084A-EC05-E822-776E51BE7CA1}.Debug|Any CPU.Deploy.0 = Debug|Any CPU
		{F36591A8-084A-EC05-E822-776E51BE7CA1}.Release|Any CPU.ActiveCfg = Release|Any CPU
		{F36591A8-084A-EC05-E822-776E51BE7CA1}.Release|Any CPU.Build.0 = Release|Any CPU
		{F36591A8-084A-EC05-E822-776E51BE7CA1}.Release|Any CPU.Deploy.0 = Release|Any CPU
	EndGlobalSection
	GlobalSection(SolutionProperties) = preSolution
		HideSolutionNode = FALSE
	EndGlobalSection
	GlobalSection(ExtensibilityGlobals) = postSolution
		SolutionGuid = {6F18C25E-524C-41E6-B985-0DB6F0F09287}
	EndGlobalSection
EndGlobal
